{
  "name": "ngx-sp-views",
  "version": "3.2.0",
  "lockfileVersion": 3,
  "requires": true,
  "packages": {
    "": {
      "name": "ngx-sp-views",
      "version": "3.2.0",
      "peerDependencies": {
        "chart.js": "^4.5.0",
        "ngx-sp-auth": "^4.4.0",
        "ngx-sp-infra": "^6.6.0",
        "tslib": "^2.3.0"
      }
    },
    "node_modules/@angular/common": {
      "version": "20.3.12",
      "resolved": "https://registry.npmjs.org/@angular/common/-/common-20.3.12.tgz",
      "integrity": "sha512-rFcDfe67ffrb435C6t2lc27WGbizeOcgce30tUhH0iezwEvU+kHHWezXXX6Ylx3TFgqGkhcxL0fliuFYrpM1Vw==",
      "license": "MIT",
      "peer": true,
      "dependencies": {
        "tslib": "^2.3.0"
      },
      "engines": {
        "node": "^20.19.0 || ^22.12.0 || >=24.0.0"
      },
      "peerDependencies": {
        "@angular/core": "20.3.12",
        "rxjs": "^6.5.3 || ^7.4.0"
      }
    },
    "node_modules/@angular/core": {
      "version": "20.3.12",
      "resolved": "https://registry.npmjs.org/@angular/core/-/core-20.3.12.tgz",
      "integrity": "sha512-K7vibMr55a7+EsuDhkg4Pk+ELuMm12olllwqL/CiQUcHXZ9Zgc4KYGTUuxWB69qJCG90gdSZS7tm5Dx0wDcyjg==",
      "license": "MIT",
      "peer": true,
      "dependencies": {
        "tslib": "^2.3.0"
      },
      "engines": {
        "node": "^20.19.0 || ^22.12.0 || >=24.0.0"
      },
      "peerDependencies": {
        "@angular/compiler": "20.3.12",
        "rxjs": "^6.5.3 || ^7.4.0",
        "zone.js": "~0.15.0"
      },
      "peerDependenciesMeta": {
        "@angular/compiler": {
          "optional": true
        },
        "zone.js": {
          "optional": true
        }
      }
    },
    "node_modules/@angular/platform-browser": {
      "version": "20.3.12",
      "resolved": "https://registry.npmjs.org/@angular/platform-browser/-/platform-browser-20.3.12.tgz",
      "integrity": "sha512-14KQsXZyaQhbRwFz1W58CtbXQc9L+mfuHBgwQjQo99422Yk0ye5WVMb6DHH7dH671qFVqL0XL7zdOPBebaAnJQ==",
      "license": "MIT",
      "peer": true,
      "dependencies": {
        "tslib": "^2.3.0"
      },
      "engines": {
        "node": "^20.19.0 || ^22.12.0 || >=24.0.0"
      },
      "peerDependencies": {
        "@angular/animations": "20.3.12",
        "@angular/common": "20.3.12",
        "@angular/core": "20.3.12"
      },
      "peerDependenciesMeta": {
        "@angular/animations": {
          "optional": true
        }
      }
    },
    "node_modules/@azure/msal-angular": {
      "version": "4.0.21",
      "resolved": "https://registry.npmjs.org/@azure/msal-angular/-/msal-angular-4.0.21.tgz",
      "integrity": "sha512-qjEswkUnTInmmJTL37str6BdJfuzvXEc9hx+pshS8//BanzQv6zPtufLzj1QiwWXp33T6GNRiooxWsU5hDNWfw==",
      "license": "MIT",
      "peer": true,
      "dependencies": {
        "tslib": "^2.3.0"
      },
      "peerDependencies": {
        "@azure/msal-browser": "^4.26.0",
        "rxjs": "^7.0.0"
      }
    },
    "node_modules/@azure/msal-browser": {
      "version": "4.26.1",
      "resolved": "https://registry.npmjs.org/@azure/msal-browser/-/msal-browser-4.26.1.tgz",
      "integrity": "sha512-GGCIsZXxyNm5QcQZ4maA9q+9UWmM+/87G+ybvPkrE32el1URSa9WYt0t67ks3/P0gspZX9RoEqyLqJ/X/JDnBQ==",
      "license": "MIT",
      "peer": true,
      "dependencies": {
        "@azure/msal-common": "15.13.1"
      },
      "engines": {
        "node": ">=0.8.0"
      }
    },
    "node_modules/@azure/msal-common": {
      "version": "15.13.1",
      "resolved": "https://registry.npmjs.org/@azure/msal-common/-/msal-common-15.13.1.tgz",
      "integrity": "sha512-vQYQcG4J43UWgo1lj7LcmdsGUKWYo28RfEvDQAEMmQIMjSFufvb+pS0FJ3KXmrPmnWlt1vHDl3oip6mIDUQ4uA==",
      "license": "MIT",
      "peer": true,
      "engines": {
        "node": ">=0.8.0"
      }
    },
    "node_modules/@kurkle/color": {
      "version": "0.3.4",
      "resolved": "https://registry.npmjs.org/@kurkle/color/-/color-0.3.4.tgz",
      "integrity": "sha512-M5UknZPHRu3DEDWoipU6sE8PdkZ6Z/S+v4dD+Ke8IaNlpdSQah50lz1KtcFBa2vsdOnwbbnxJwVM4wty6udA5w==",
      "license": "MIT",
      "peer": true
    },
    "node_modules/chart.js": {
      "version": "4.5.1",
      "resolved": "https://registry.npmjs.org/chart.js/-/chart.js-4.5.1.tgz",
      "integrity": "sha512-GIjfiT9dbmHRiYi6Nl2yFCq7kkwdkp1W/lp2J99rX0yo9tgJGn3lKQATztIjb5tVtevcBtIdICNWqlq5+E8/Pw==",
      "license": "MIT",
      "peer": true,
      "dependencies": {
        "@kurkle/color": "^0.3.0"
      },
      "engines": {
        "pnpm": ">=8"
      }
    },
    "node_modules/idb": {
      "version": "8.0.3",
      "resolved": "https://registry.npmjs.org/idb/-/idb-8.0.3.tgz",
      "integrity": "sha512-LtwtVyVYO5BqRvcsKuB2iUMnHwPVByPCXFXOpuU96IZPPoPN6xjOGxZQ74pgSVVLQWtUOYgyeL4GE98BY5D3wg==",
      "license": "ISC",
      "peer": true
    },
    "node_modules/ngx-sp-auth": {
      "version": "4.4.0",
      "resolved": "https://registry.npmjs.org/ngx-sp-auth/-/ngx-sp-auth-4.4.0.tgz",
      "integrity": "sha512-K/ZH1fnbditlNv/SWEkY3CgsBW38a4jBluH3G0AXcP08RSzkjYWERpNaco5vLpx7eRrmU2uDjy/LTvvRFRMUOA==",
      "peer": true,
      "dependencies": {
        "tslib": "^2.3.0"
      },
      "peerDependencies": {
        "@azure/msal-angular": "^4.0.16",
        "@azure/msal-browser": "^4.18.0",
        "idb": "^8.0.3",
        "ngx-sp-infra": "^6.6.0",
        "ngx-toastr": "^19.0.0"
      }
    },
    "node_modules/ngx-sp-infra": {
      "version": "6.6.0",
      "resolved": "https://registry.npmjs.org/ngx-sp-infra/-/ngx-sp-infra-6.6.0.tgz",
      "integrity": "sha512-3htvgGvgEMgQI36X5pZS5tcLQW/YBJA2ivz3O4WTtcuD4/nofMvqbnuZXmM/ihMq592uG6ozhS2IsH+8kipwCQ==",
      "peer": true,
      "dependencies": {
        "tslib": "^2.3.0"
      }
    },
    "node_modules/ngx-toastr": {
      "version": "19.1.0",
      "resolved": "https://registry.npmjs.org/ngx-toastr/-/ngx-toastr-19.1.0.tgz",
      "integrity": "sha512-Qa7Kg7QzGKNtp1v04hu3poPKKx8BGBD/Onkhm6CdH5F0vSMdq+BdR/f8DTpZnGFksW891tAFufpiWb9UZX+3vg==",
      "license": "MIT",
      "peer": true,
      "dependencies": {
        "tslib": "^2.3.0"
      },
      "peerDependencies": {
        "@angular/common": ">=16.0.0-0",
        "@angular/core": ">=16.0.0-0",
        "@angular/platform-browser": ">=16.0.0-0"
      }
    },
    "node_modules/rxjs": {
      "version": "7.8.2",
      "resolved": "https://registry.npmjs.org/rxjs/-/rxjs-7.8.2.tgz",
      "integrity": "sha512-dhKf903U/PQZY6boNNtAGdWbG85WAbjT/1xYoZIC7FAY0yWapOBQVsVrDl58W86//e1VpMNBtRV4MaXfdMySFA==",
      "license": "Apache-2.0",
      "peer": true,
      "dependencies": {
        "tslib": "^2.1.0"
      }
    },
    "node_modules/tslib": {
      "version": "2.8.1",
      "resolved": "https://registry.npmjs.org/tslib/-/tslib-2.8.1.tgz",
      "integrity": "sha512-oJFu94HQb+KVduSUQL7wnpmqnfmLsOA/nAh6b6EH0wCEoK0/mPeXU6c3wKDV83MkOuHPRHtSXKKU99IBazS/2w==",
      "license": "0BSD",
      "peer": true
    }
  }
}
