{
  "name": "ngx-sp-views",
  "version": "3.4.9",
  "lockfileVersion": 3,
  "requires": true,
  "packages": {
    "": {
      "name": "ngx-sp-views",
      "version": "3.4.9",
      "peerDependencies": {
        "chart.js": "^4.5.0",
        "ngx-sp-auth": "^4.13.1",
        "ngx-sp-infra": "^6.13.3"
      }
    },
    "node_modules/@angular/common": {
      "version": "21.0.3",
      "resolved": "https://registry.npmjs.org/@angular/common/-/common-21.0.3.tgz",
      "integrity": "sha512-y8U5jlaK5x3fhI7WOsuiwwNYghC5TBDfmqJdQ2YT4RFG0vB4b22RW5RY5GDbQ5La4AAcpcjoqb4zca8auLCe+g==",
      "license": "MIT",
      "peer": true,
      "dependencies": {
        "tslib": "^2.3.0"
      },
      "engines": {
        "node": "^20.19.0 || ^22.12.0 || >=24.0.0"
      },
      "peerDependencies": {
        "@angular/core": "21.0.3",
        "rxjs": "^6.5.3 || ^7.4.0"
      }
    },
    "node_modules/@angular/core": {
      "version": "21.0.3",
      "resolved": "https://registry.npmjs.org/@angular/core/-/core-21.0.3.tgz",
      "integrity": "sha512-/7a2FyZp5cyjNiwuNLr889KA8DVKSTcTtZJpz57Z9DpmZhPscDOWQqLn9f8jeEwbWllvgrXJi8pKSa78r8JAwA==",
      "license": "MIT",
      "peer": true,
      "dependencies": {
        "tslib": "^2.3.0"
      },
      "engines": {
        "node": "^20.19.0 || ^22.12.0 || >=24.0.0"
      },
      "peerDependencies": {
        "@angular/compiler": "21.0.3",
        "rxjs": "^6.5.3 || ^7.4.0",
        "zone.js": "~0.15.0 || ~0.16.0"
      },
      "peerDependenciesMeta": {
        "@angular/compiler": {
          "optional": true
        },
        "zone.js": {
          "optional": true
        }
      }
    },
    "node_modules/@angular/platform-browser": {
      "version": "21.0.3",
      "resolved": "https://registry.npmjs.org/@angular/platform-browser/-/platform-browser-21.0.3.tgz",
      "integrity": "sha512-vWyornr4mRtB+25d9r15IXBVkKV3TW6rmYBakmPmf8uuYDwgm8fTrFDySFChitRISfvMzR7tGJiYRBQRRp1fSA==",
      "license": "MIT",
      "peer": true,
      "dependencies": {
        "tslib": "^2.3.0"
      },
      "engines": {
        "node": "^20.19.0 || ^22.12.0 || >=24.0.0"
      },
      "peerDependencies": {
        "@angular/animations": "21.0.3",
        "@angular/common": "21.0.3",
        "@angular/core": "21.0.3"
      },
      "peerDependenciesMeta": {
        "@angular/animations": {
          "optional": true
        }
      }
    },
    "node_modules/@azure/msal-angular": {
      "version": "4.0.23",
      "resolved": "https://registry.npmjs.org/@azure/msal-angular/-/msal-angular-4.0.23.tgz",
      "integrity": "sha512-4cNowcqFoDwpzRaT9PQblaVeJICCK0lq/j4NGwVIN+FiKaXBbiqLp5vABrHz9DGCVF417zrGqSzTRAwL0QJ99Q==",
      "license": "MIT",
      "peer": true,
      "dependencies": {
        "tslib": "^2.3.0"
      },
      "peerDependencies": {
        "@azure/msal-browser": "^4.27.0",
        "rxjs": "^7.0.0"
      }
    },
    "node_modules/@azure/msal-browser": {
      "version": "4.27.0",
      "resolved": "https://registry.npmjs.org/@azure/msal-browser/-/msal-browser-4.27.0.tgz",
      "integrity": "sha512-bZ8Pta6YAbdd0o0PEaL1/geBsPrLEnyY/RDWqvF1PP9RUH8EMLvUMGoZFYS6jSlUan6KZ9IMTLCnwpWWpQRK/w==",
      "license": "MIT",
      "peer": true,
      "dependencies": {
        "@azure/msal-common": "15.13.3"
      },
      "engines": {
        "node": ">=0.8.0"
      }
    },
    "node_modules/@azure/msal-common": {
      "version": "15.13.3",
      "resolved": "https://registry.npmjs.org/@azure/msal-common/-/msal-common-15.13.3.tgz",
      "integrity": "sha512-shSDU7Ioecya+Aob5xliW9IGq1Ui8y4EVSdWGyI1Gbm4Vg61WpP95LuzcY214/wEjSn6w4PZYD4/iVldErHayQ==",
      "license": "MIT",
      "peer": true,
      "engines": {
        "node": ">=0.8.0"
      }
    },
    "node_modules/@kurkle/color": {
      "version": "0.3.4",
      "resolved": "https://registry.npmjs.org/@kurkle/color/-/color-0.3.4.tgz",
      "integrity": "sha512-M5UknZPHRu3DEDWoipU6sE8PdkZ6Z/S+v4dD+Ke8IaNlpdSQah50lz1KtcFBa2vsdOnwbbnxJwVM4wty6udA5w==",
      "license": "MIT",
      "peer": true
    },
    "node_modules/chart.js": {
      "version": "4.5.1",
      "resolved": "https://registry.npmjs.org/chart.js/-/chart.js-4.5.1.tgz",
      "integrity": "sha512-GIjfiT9dbmHRiYi6Nl2yFCq7kkwdkp1W/lp2J99rX0yo9tgJGn3lKQATztIjb5tVtevcBtIdICNWqlq5+E8/Pw==",
      "license": "MIT",
      "peer": true,
      "dependencies": {
        "@kurkle/color": "^0.3.0"
      },
      "engines": {
        "pnpm": ">=8"
      }
    },
    "node_modules/idb": {
      "version": "8.0.3",
      "resolved": "https://registry.npmjs.org/idb/-/idb-8.0.3.tgz",
      "integrity": "sha512-LtwtVyVYO5BqRvcsKuB2iUMnHwPVByPCXFXOpuU96IZPPoPN6xjOGxZQ74pgSVVLQWtUOYgyeL4GE98BY5D3wg==",
      "license": "ISC",
      "peer": true
    },
    "node_modules/ngx-sp-auth": {
      "version": "4.13.1",
      "resolved": "https://registry.npmjs.org/ngx-sp-auth/-/ngx-sp-auth-4.13.1.tgz",
      "integrity": "sha512-Ybr0IQJZ28rwrnLVeu6XuToOwAinYoyPz01ywb3HjV7+nRwcQhsuKj214mwSGkqO+Xi29aoeJYiB7ha1DUOnBA==",
      "peer": true,
      "dependencies": {
        "tslib": "^2.3.0"
      },
      "peerDependencies": {
        "@azure/msal-angular": "^4.0.16",
        "@azure/msal-browser": "^4.18.0",
        "idb": "^8.0.3",
        "ngx-sp-infra": "^6.13.2",
        "ngx-toastr": "^19.0.0"
      }
    },
    "node_modules/ngx-sp-infra": {
      "version": "6.13.3",
      "resolved": "https://registry.npmjs.org/ngx-sp-infra/-/ngx-sp-infra-6.13.3.tgz",
      "integrity": "sha512-jaZjc451gHCs5xRo6jDuvh6qjOOIkMLLBOHUC7+TekGlzIu3/siBdGWOsTcAvAMGbWdf7csk4fapxcpbrVx6aA==",
      "peer": true,
      "dependencies": {
        "tslib": "^2.3.0"
      }
    },
    "node_modules/ngx-toastr": {
      "version": "19.1.0",
      "resolved": "https://registry.npmjs.org/ngx-toastr/-/ngx-toastr-19.1.0.tgz",
      "integrity": "sha512-Qa7Kg7QzGKNtp1v04hu3poPKKx8BGBD/Onkhm6CdH5F0vSMdq+BdR/f8DTpZnGFksW891tAFufpiWb9UZX+3vg==",
      "license": "MIT",
      "peer": true,
      "dependencies": {
        "tslib": "^2.3.0"
      },
      "peerDependencies": {
        "@angular/common": ">=16.0.0-0",
        "@angular/core": ">=16.0.0-0",
        "@angular/platform-browser": ">=16.0.0-0"
      }
    },
    "node_modules/rxjs": {
      "version": "7.8.2",
      "resolved": "https://registry.npmjs.org/rxjs/-/rxjs-7.8.2.tgz",
      "integrity": "sha512-dhKf903U/PQZY6boNNtAGdWbG85WAbjT/1xYoZIC7FAY0yWapOBQVsVrDl58W86//e1VpMNBtRV4MaXfdMySFA==",
      "license": "Apache-2.0",
      "peer": true,
      "dependencies": {
        "tslib": "^2.1.0"
      }
    },
    "node_modules/tslib": {
      "version": "2.8.1",
      "resolved": "https://registry.npmjs.org/tslib/-/tslib-2.8.1.tgz",
      "integrity": "sha512-oJFu94HQb+KVduSUQL7wnpmqnfmLsOA/nAh6b6EH0wCEoK0/mPeXU6c3wKDV83MkOuHPRHtSXKKU99IBazS/2w==",
      "license": "0BSD",
      "peer": true
    }
  }
}
